// !$*UTF8*$!
{
	archiveVersion = 1;
	classes = {
	};
	objectVersion = 56;
	objects = {

/* Begin PBXBuildFile section */
		0F6302236F041A91A3E9DCD0 /* Pods_CurrencyExchanger.framework in Frameworks */ = {isa = PBXBuildFile; fileRef = 904D822D2C840437A6AB7AE2 /* Pods_CurrencyExchanger.framework */; };
		35E45311E0D3C33A4B2A0B98 /* Pods_CurrencyExchanger_CurrencyExchangerUITests.framework in Frameworks */ = {isa = PBXBuildFile; fileRef = 5531F1541EFA2F36867F8D89 /* Pods_CurrencyExchanger_CurrencyExchangerUITests.framework */; };
		DA1AA3BC29E57F9200FB99F9 /* MyWalletCell.swift in Sources */ = {isa = PBXBuildFile; fileRef = DA1AA3BB29E57F9200FB99F9 /* MyWalletCell.swift */; };
		DA83BEAC29E2B99800CEB321 /* CardView.swift in Sources */ = {isa = PBXBuildFile; fileRef = DA83BEAB29E2B99800CEB321 /* CardView.swift */; };
		DA83BEAF29E2DBB200CEB321 /* CustomTextField.swift in Sources */ = {isa = PBXBuildFile; fileRef = DA83BEAE29E2DBB200CEB321 /* CustomTextField.swift */; };
		DA83BEB429E3064C00CEB321 /* RDKeyboardEventHandlerProtocol.swift in Sources */ = {isa = PBXBuildFile; fileRef = DA83BEB329E3064C00CEB321 /* RDKeyboardEventHandlerProtocol.swift */; };
		DAD0617C29DEF75600EF9C3F /* AppDelegate.swift in Sources */ = {isa = PBXBuildFile; fileRef = DAD0617B29DEF75600EF9C3F /* AppDelegate.swift */; };
		DAD0617E29DEF75600EF9C3F /* SceneDelegate.swift in Sources */ = {isa = PBXBuildFile; fileRef = DAD0617D29DEF75600EF9C3F /* SceneDelegate.swift */; };
		DAD0618029DEF75600EF9C3F /* CurrencyExchangeVC.swift in Sources */ = {isa = PBXBuildFile; fileRef = DAD0617F29DEF75600EF9C3F /* CurrencyExchangeVC.swift */; };
		DAD0618329DEF75600EF9C3F /* Main.storyboard in Resources */ = {isa = PBXBuildFile; fileRef = DAD0618129DEF75600EF9C3F /* Main.storyboard */; };
		DAD0618529DEF75700EF9C3F /* Assets.xcassets in Resources */ = {isa = PBXBuildFile; fileRef = DAD0618429DEF75700EF9C3F /* Assets.xcassets */; };
		DAD0618829DEF75700EF9C3F /* LaunchScreen.storyboard in Resources */ = {isa = PBXBuildFile; fileRef = DAD0618629DEF75700EF9C3F /* LaunchScreen.storyboard */; };
		DAD0619329DEF75700EF9C3F /* CurrencyExchangerTests.swift in Sources */ = {isa = PBXBuildFile; fileRef = DAD0619229DEF75700EF9C3F /* CurrencyExchangerTests.swift */; };
		DAD0619D29DEF75700EF9C3F /* CurrencyExchangerUITests.swift in Sources */ = {isa = PBXBuildFile; fileRef = DAD0619C29DEF75700EF9C3F /* CurrencyExchangerUITests.swift */; };
		DAD0619F29DEF75700EF9C3F /* CurrencyExchangerUITestsLaunchTests.swift in Sources */ = {isa = PBXBuildFile; fileRef = DAD0619E29DEF75700EF9C3F /* CurrencyExchangerUITestsLaunchTests.swift */; };
		DAD061B229DEF81F00EF9C3F /* CurrencyExchangeViewModel.swift in Sources */ = {isa = PBXBuildFile; fileRef = DAD061B129DEF81F00EF9C3F /* CurrencyExchangeViewModel.swift */; };
		DAD061B729DEF8E400EF9C3F /* Extensions.swift in Sources */ = {isa = PBXBuildFile; fileRef = DAD061B629DEF8E400EF9C3F /* Extensions.swift */; };
		DAD061BA29DEFEEE00EF9C3F /* TopBarView.swift in Sources */ = {isa = PBXBuildFile; fileRef = DAD061B929DEFEEE00EF9C3F /* TopBarView.swift */; };
		DAD061BE29DF12BD00EF9C3F /* MyWalletVC.swift in Sources */ = {isa = PBXBuildFile; fileRef = DAD061BD29DF12BD00EF9C3F /* MyWalletVC.swift */; };
		DADD379B29E3D51A00798734 /* Endpoint.swift in Sources */ = {isa = PBXBuildFile; fileRef = DADD379A29E3D51A00798734 /* Endpoint.swift */; };
		DADD379D29E3D54300798734 /* ArrayEncoding.swift in Sources */ = {isa = PBXBuildFile; fileRef = DADD379C29E3D54300798734 /* ArrayEncoding.swift */; };
		DADD379F29E3D55F00798734 /* PostParameters.swift in Sources */ = {isa = PBXBuildFile; fileRef = DADD379E29E3D55F00798734 /* PostParameters.swift */; };
		DADD37A229E3D5C900798734 /* CurrencyExchangeEndPoint.swift in Sources */ = {isa = PBXBuildFile; fileRef = DADD37A129E3D5C900798734 /* CurrencyExchangeEndPoint.swift */; };
		DADD37A529E3D6A400798734 /* CurrencyExchangeModel.swift in Sources */ = {isa = PBXBuildFile; fileRef = DADD37A429E3D6A400798734 /* CurrencyExchangeModel.swift */; };
		EFE931DDA3D242C5C30482D3 /* Pods_CurrencyExchangerTests.framework in Frameworks */ = {isa = PBXBuildFile; fileRef = 78AAEFC4201B52556F4345ED /* Pods_CurrencyExchangerTests.framework */; };
/* End PBXBuildFile section */

/* Begin PBXContainerItemProxy section */
		DAD0618F29DEF75700EF9C3F /* PBXContainerItemProxy */ = {
			isa = PBXContainerItemProxy;
			containerPortal = DAD0617029DEF75600EF9C3F /* Project object */;
			proxyType = 1;
			remoteGlobalIDString = DAD0617729DEF75600EF9C3F;
			remoteInfo = CurrencyExchanger;
		};
		DAD0619929DEF75700EF9C3F /* PBXContainerItemProxy */ = {
			isa = PBXContainerItemProxy;
			containerPortal = DAD0617029DEF75600EF9C3F /* Project object */;
			proxyType = 1;
			remoteGlobalIDString = DAD0617729DEF75600EF9C3F;
			remoteInfo = CurrencyExchanger;
		};
/* End PBXContainerItemProxy section */

/* Begin PBXFileReference section */
		19F51B3B3D3FD136E00A934A /* Pods-CurrencyExchangerTests.release.xcconfig */ = {isa = PBXFileReference; includeInIndex = 1; lastKnownFileType = text.xcconfig; name = "Pods-CurrencyExchangerTests.release.xcconfig"; path = "Target Support Files/Pods-CurrencyExchangerTests/Pods-CurrencyExchangerTests.release.xcconfig"; sourceTree = "<group>"; };
		44A6D9D69898D5B28F3DDD5A /* Pods-CurrencyExchanger-CurrencyExchangerUITests.release.xcconfig */ = {isa = PBXFileReference; includeInIndex = 1; lastKnownFileType = text.xcconfig; name = "Pods-CurrencyExchanger-CurrencyExchangerUITests.release.xcconfig"; path = "Target Support Files/Pods-CurrencyExchanger-CurrencyExchangerUITests/Pods-CurrencyExchanger-CurrencyExchangerUITests.release.xcconfig"; sourceTree = "<group>"; };
		5531F1541EFA2F36867F8D89 /* Pods_CurrencyExchanger_CurrencyExchangerUITests.framework */ = {isa = PBXFileReference; explicitFileType = wrapper.framework; includeInIndex = 0; path = Pods_CurrencyExchanger_CurrencyExchangerUITests.framework; sourceTree = BUILT_PRODUCTS_DIR; };
		5C4D6FAD265F8907C260693B /* Pods-CurrencyExchanger.release.xcconfig */ = {isa = PBXFileReference; includeInIndex = 1; lastKnownFileType = text.xcconfig; name = "Pods-CurrencyExchanger.release.xcconfig"; path = "Target Support Files/Pods-CurrencyExchanger/Pods-CurrencyExchanger.release.xcconfig"; sourceTree = "<group>"; };
		78AAEFC4201B52556F4345ED /* Pods_CurrencyExchangerTests.framework */ = {isa = PBXFileReference; explicitFileType = wrapper.framework; includeInIndex = 0; path = Pods_CurrencyExchangerTests.framework; sourceTree = BUILT_PRODUCTS_DIR; };
		8ACC0FB2520E3EFE49F3E89C /* Pods-CurrencyExchanger-CurrencyExchangerUITests.debug.xcconfig */ = {isa = PBXFileReference; includeInIndex = 1; lastKnownFileType = text.xcconfig; name = "Pods-CurrencyExchanger-CurrencyExchangerUITests.debug.xcconfig"; path = "Target Support Files/Pods-CurrencyExchanger-CurrencyExchangerUITests/Pods-CurrencyExchanger-CurrencyExchangerUITests.debug.xcconfig"; sourceTree = "<group>"; };
		904D822D2C840437A6AB7AE2 /* Pods_CurrencyExchanger.framework */ = {isa = PBXFileReference; explicitFileType = wrapper.framework; includeInIndex = 0; path = Pods_CurrencyExchanger.framework; sourceTree = BUILT_PRODUCTS_DIR; };
		BD3DE9C99D0ACFDC8012673B /* Pods-CurrencyExchangerTests.debug.xcconfig */ = {isa = PBXFileReference; includeInIndex = 1; lastKnownFileType = text.xcconfig; name = "Pods-CurrencyExchangerTests.debug.xcconfig"; path = "Target Support Files/Pods-CurrencyExchangerTests/Pods-CurrencyExchangerTests.debug.xcconfig"; sourceTree = "<group>"; };
		DA1AA3BB29E57F9200FB99F9 /* MyWalletCell.swift */ = {isa = PBXFileReference; lastKnownFileType = sourcecode.swift; path = MyWalletCell.swift; sourceTree = "<group>"; };
		DA83BEAB29E2B99800CEB321 /* CardView.swift */ = {isa = PBXFileReference; lastKnownFileType = sourcecode.swift; path = CardView.swift; sourceTree = "<group>"; };
		DA83BEAE29E2DBB200CEB321 /* CustomTextField.swift */ = {isa = PBXFileReference; lastKnownFileType = sourcecode.swift; path = CustomTextField.swift; sourceTree = "<group>"; };
		DA83BEB329E3064C00CEB321 /* RDKeyboardEventHandlerProtocol.swift */ = {isa = PBXFileReference; lastKnownFileType = sourcecode.swift; path = RDKeyboardEventHandlerProtocol.swift; sourceTree = "<group>"; };
		DAD0617829DEF75600EF9C3F /* CurrencyExchanger.app */ = {isa = PBXFileReference; explicitFileType = wrapper.application; includeInIndex = 0; path = CurrencyExchanger.app; sourceTree = BUILT_PRODUCTS_DIR; };
		DAD0617B29DEF75600EF9C3F /* AppDelegate.swift */ = {isa = PBXFileReference; lastKnownFileType = sourcecode.swift; path = AppDelegate.swift; sourceTree = "<group>"; };
		DAD0617D29DEF75600EF9C3F /* SceneDelegate.swift */ = {isa = PBXFileReference; lastKnownFileType = sourcecode.swift; path = SceneDelegate.swift; sourceTree = "<group>"; };
		DAD0617F29DEF75600EF9C3F /* CurrencyExchangeVC.swift */ = {isa = PBXFileReference; lastKnownFileType = sourcecode.swift; path = CurrencyExchangeVC.swift; sourceTree = "<group>"; };
		DAD0618229DEF75600EF9C3F /* Base */ = {isa = PBXFileReference; lastKnownFileType = file.storyboard; name = Base; path = Base.lproj/Main.storyboard; sourceTree = "<group>"; };
		DAD0618429DEF75700EF9C3F /* Assets.xcassets */ = {isa = PBXFileReference; lastKnownFileType = folder.assetcatalog; path = Assets.xcassets; sourceTree = "<group>"; };
		DAD0618729DEF75700EF9C3F /* Base */ = {isa = PBXFileReference; lastKnownFileType = file.storyboard; name = Base; path = Base.lproj/LaunchScreen.storyboard; sourceTree = "<group>"; };
		DAD0618929DEF75700EF9C3F /* Info.plist */ = {isa = PBXFileReference; lastKnownFileType = text.plist.xml; path = Info.plist; sourceTree = "<group>"; };
		DAD0618E29DEF75700EF9C3F /* CurrencyExchangerTests.xctest */ = {isa = PBXFileReference; explicitFileType = wrapper.cfbundle; includeInIndex = 0; path = CurrencyExchangerTests.xctest; sourceTree = BUILT_PRODUCTS_DIR; };
		DAD0619229DEF75700EF9C3F /* CurrencyExchangerTests.swift */ = {isa = PBXFileReference; lastKnownFileType = sourcecode.swift; path = CurrencyExchangerTests.swift; sourceTree = "<group>"; };
		DAD0619829DEF75700EF9C3F /* CurrencyExchangerUITests.xctest */ = {isa = PBXFileReference; explicitFileType = wrapper.cfbundle; includeInIndex = 0; path = CurrencyExchangerUITests.xctest; sourceTree = BUILT_PRODUCTS_DIR; };
		DAD0619C29DEF75700EF9C3F /* CurrencyExchangerUITests.swift */ = {isa = PBXFileReference; lastKnownFileType = sourcecode.swift; path = CurrencyExchangerUITests.swift; sourceTree = "<group>"; };
		DAD0619E29DEF75700EF9C3F /* CurrencyExchangerUITestsLaunchTests.swift */ = {isa = PBXFileReference; lastKnownFileType = sourcecode.swift; path = CurrencyExchangerUITestsLaunchTests.swift; sourceTree = "<group>"; };
		DAD061B129DEF81F00EF9C3F /* CurrencyExchangeViewModel.swift */ = {isa = PBXFileReference; lastKnownFileType = sourcecode.swift; path = CurrencyExchangeViewModel.swift; sourceTree = "<group>"; };
		DAD061B629DEF8E400EF9C3F /* Extensions.swift */ = {isa = PBXFileReference; lastKnownFileType = sourcecode.swift; path = Extensions.swift; sourceTree = "<group>"; };
		DAD061B929DEFEEE00EF9C3F /* TopBarView.swift */ = {isa = PBXFileReference; lastKnownFileType = sourcecode.swift; path = TopBarView.swift; sourceTree = "<group>"; };
		DAD061BD29DF12BD00EF9C3F /* MyWalletVC.swift */ = {isa = PBXFileReference; lastKnownFileType = sourcecode.swift; path = MyWalletVC.swift; sourceTree = "<group>"; };
		DADD379A29E3D51A00798734 /* Endpoint.swift */ = {isa = PBXFileReference; lastKnownFileType = sourcecode.swift; path = Endpoint.swift; sourceTree = "<group>"; };
		DADD379C29E3D54300798734 /* ArrayEncoding.swift */ = {isa = PBXFileReference; lastKnownFileType = sourcecode.swift; path = ArrayEncoding.swift; sourceTree = "<group>"; };
		DADD379E29E3D55F00798734 /* PostParameters.swift */ = {isa = PBXFileReference; lastKnownFileType = sourcecode.swift; path = PostParameters.swift; sourceTree = "<group>"; };
		DADD37A129E3D5C900798734 /* CurrencyExchangeEndPoint.swift */ = {isa = PBXFileReference; lastKnownFileType = sourcecode.swift; path = CurrencyExchangeEndPoint.swift; sourceTree = "<group>"; };
		DADD37A429E3D6A400798734 /* CurrencyExchangeModel.swift */ = {isa = PBXFileReference; lastKnownFileType = sourcecode.swift; path = CurrencyExchangeModel.swift; sourceTree = "<group>"; };
		E3E54506F3D16F1646B6E36B /* Pods-CurrencyExchanger.debug.xcconfig */ = {isa = PBXFileReference; includeInIndex = 1; lastKnownFileType = text.xcconfig; name = "Pods-CurrencyExchanger.debug.xcconfig"; path = "Target Support Files/Pods-CurrencyExchanger/Pods-CurrencyExchanger.debug.xcconfig"; sourceTree = "<group>"; };
/* End PBXFileReference section */

/* Begin PBXFrameworksBuildPhase section */
		DAD0617529DEF75600EF9C3F /* Frameworks */ = {
			isa = PBXFrameworksBuildPhase;
			buildActionMask = 2147483647;
			files = (
				0F6302236F041A91A3E9DCD0 /* Pods_CurrencyExchanger.framework in Frameworks */,
			);
			runOnlyForDeploymentPostprocessing = 0;
		};
		DAD0618B29DEF75700EF9C3F /* Frameworks */ = {
			isa = PBXFrameworksBuildPhase;
			buildActionMask = 2147483647;
			files = (
				EFE931DDA3D242C5C30482D3 /* Pods_CurrencyExchangerTests.framework in Frameworks */,
			);
			runOnlyForDeploymentPostprocessing = 0;
		};
		DAD0619529DEF75700EF9C3F /* Frameworks */ = {
			isa = PBXFrameworksBuildPhase;
			buildActionMask = 2147483647;
			files = (
				35E45311E0D3C33A4B2A0B98 /* Pods_CurrencyExchanger_CurrencyExchangerUITests.framework in Frameworks */,
			);
			runOnlyForDeploymentPostprocessing = 0;
		};
/* End PBXFrameworksBuildPhase section */

/* Begin PBXGroup section */
		84826A6EDACD8E1B659557F3 /* Pods */ = {
			isa = PBXGroup;
			children = (
				E3E54506F3D16F1646B6E36B /* Pods-CurrencyExchanger.debug.xcconfig */,
				5C4D6FAD265F8907C260693B /* Pods-CurrencyExchanger.release.xcconfig */,
				8ACC0FB2520E3EFE49F3E89C /* Pods-CurrencyExchanger-CurrencyExchangerUITests.debug.xcconfig */,
				44A6D9D69898D5B28F3DDD5A /* Pods-CurrencyExchanger-CurrencyExchangerUITests.release.xcconfig */,
				BD3DE9C99D0ACFDC8012673B /* Pods-CurrencyExchangerTests.debug.xcconfig */,
				19F51B3B3D3FD136E00A934A /* Pods-CurrencyExchangerTests.release.xcconfig */,
			);
			path = Pods;
			sourceTree = "<group>";
		};
		C42842D65AFA62B6F862E8E9 /* Frameworks */ = {
			isa = PBXGroup;
			children = (
				904D822D2C840437A6AB7AE2 /* Pods_CurrencyExchanger.framework */,
				5531F1541EFA2F36867F8D89 /* Pods_CurrencyExchanger_CurrencyExchangerUITests.framework */,
				78AAEFC4201B52556F4345ED /* Pods_CurrencyExchangerTests.framework */,
			);
			name = Frameworks;
			sourceTree = "<group>";
		};
		DA1AA3B929E57F5700FB99F9 /* MyWallet */ = {
			isa = PBXGroup;
			children = (
				DA1AA3BA29E57F8000FB99F9 /* MyWalletCell */,
			);
			path = MyWallet;
			sourceTree = "<group>";
		};
		DA1AA3BA29E57F8000FB99F9 /* MyWalletCell */ = {
			isa = PBXGroup;
			children = (
				DA1AA3BB29E57F9200FB99F9 /* MyWalletCell.swift */,
			);
			path = MyWalletCell;
			sourceTree = "<group>";
		};
		DA51AB7829E3D0170063112B /* UI */ = {
			isa = PBXGroup;
			children = (
				DAD061AC29DEF7AA00EF9C3F /* ReusableViews */,
				DA1AA3B929E57F5700FB99F9 /* MyWallet */,
			);
			path = UI;
			sourceTree = "<group>";
		};
		DA83BEAA29E2B8FD00CEB321 /* CardView */ = {
			isa = PBXGroup;
			children = (
				DA83BEAB29E2B99800CEB321 /* CardView.swift */,
			);
			path = CardView;
			sourceTree = "<group>";
		};
		DA83BEB029E2DCD000CEB321 /* CustomTextField */ = {
			isa = PBXGroup;
			children = (
				DA83BEAE29E2DBB200CEB321 /* CustomTextField.swift */,
			);
			path = CustomTextField;
			sourceTree = "<group>";
		};
		DA83BEB129E2FB5E00CEB321 /* Controllers */ = {
			isa = PBXGroup;
			children = (
				DAD061AB29DEF77900EF9C3F /* CurrencyExchange */,
				DAD061BC29DF126000EF9C3F /* MyWallet */,
			);
			path = Controllers;
			sourceTree = "<group>";
		};
		DA83BEB229E3063D00CEB321 /* Core */ = {
			isa = PBXGroup;
			children = (
				DA83BEB329E3064C00CEB321 /* RDKeyboardEventHandlerProtocol.swift */,
				DAD061B529DEF8CA00EF9C3F /* Utilis */,
			);
			path = Core;
			sourceTree = "<group>";
		};
		DAD0616F29DEF75600EF9C3F = {
			isa = PBXGroup;
			children = (
				DAD0617A29DEF75600EF9C3F /* CurrencyExchanger */,
				DAD0619129DEF75700EF9C3F /* CurrencyExchangerTests */,
				DAD0619B29DEF75700EF9C3F /* CurrencyExchangerUITests */,
				DAD0617929DEF75600EF9C3F /* Products */,
				84826A6EDACD8E1B659557F3 /* Pods */,
				C42842D65AFA62B6F862E8E9 /* Frameworks */,
			);
			sourceTree = "<group>";
		};
		DAD0617929DEF75600EF9C3F /* Products */ = {
			isa = PBXGroup;
			children = (
				DAD0617829DEF75600EF9C3F /* CurrencyExchanger.app */,
				DAD0618E29DEF75700EF9C3F /* CurrencyExchangerTests.xctest */,
				DAD0619829DEF75700EF9C3F /* CurrencyExchangerUITests.xctest */,
			);
			name = Products;
			sourceTree = "<group>";
		};
		DAD0617A29DEF75600EF9C3F /* CurrencyExchanger */ = {
			isa = PBXGroup;
			children = (
				DAD0617B29DEF75600EF9C3F /* AppDelegate.swift */,
				DAD0617D29DEF75600EF9C3F /* SceneDelegate.swift */,
				DADD37A329E3D69800798734 /* Model */,
				DADD37A029E3D5AB00798734 /* EndPoints */,
				DADD379929E3D4F100798734 /* API */,
				DA83BEB229E3063D00CEB321 /* Core */,
				DA51AB7829E3D0170063112B /* UI */,
				DA83BEB129E2FB5E00CEB321 /* Controllers */,
				DAD0618129DEF75600EF9C3F /* Main.storyboard */,
				DAD0618429DEF75700EF9C3F /* Assets.xcassets */,
				DAD0618629DEF75700EF9C3F /* LaunchScreen.storyboard */,
				DAD0618929DEF75700EF9C3F /* Info.plist */,
			);
			path = CurrencyExchanger;
			sourceTree = "<group>";
		};
		DAD0619129DEF75700EF9C3F /* CurrencyExchangerTests */ = {
			isa = PBXGroup;
			children = (
				DAD0619229DEF75700EF9C3F /* CurrencyExchangerTests.swift */,
			);
			path = CurrencyExchangerTests;
			sourceTree = "<group>";
		};
		DAD0619B29DEF75700EF9C3F /* CurrencyExchangerUITests */ = {
			isa = PBXGroup;
			children = (
				DAD0619C29DEF75700EF9C3F /* CurrencyExchangerUITests.swift */,
				DAD0619E29DEF75700EF9C3F /* CurrencyExchangerUITestsLaunchTests.swift */,
			);
			path = CurrencyExchangerUITests;
			sourceTree = "<group>";
		};
		DAD061AB29DEF77900EF9C3F /* CurrencyExchange */ = {
			isa = PBXGroup;
			children = (
				DAD061B029DEF7F900EF9C3F /* ViewModel */,
				DAD0617F29DEF75600EF9C3F /* CurrencyExchangeVC.swift */,
			);
			path = CurrencyExchange;
			sourceTree = "<group>";
		};
		DAD061AC29DEF7AA00EF9C3F /* ReusableViews */ = {
			isa = PBXGroup;
			children = (
				DA83BEB029E2DCD000CEB321 /* CustomTextField */,
				DA83BEAA29E2B8FD00CEB321 /* CardView */,
				DAD061B829DEFC0700EF9C3F /* TopBarView */,
			);
			path = ReusableViews;
			sourceTree = "<group>";
		};
		DAD061B029DEF7F900EF9C3F /* ViewModel */ = {
			isa = PBXGroup;
			children = (
				DAD061B129DEF81F00EF9C3F /* CurrencyExchangeViewModel.swift */,
			);
			path = ViewModel;
			sourceTree = "<group>";
		};
		DAD061B529DEF8CA00EF9C3F /* Utilis */ = {
			isa = PBXGroup;
			children = (
				DAD061B629DEF8E400EF9C3F /* Extensions.swift */,
			);
			path = Utilis;
			sourceTree = "<group>";
		};
		DAD061B829DEFC0700EF9C3F /* TopBarView */ = {
			isa = PBXGroup;
			children = (
				DAD061B929DEFEEE00EF9C3F /* TopBarView.swift */,
			);
			path = TopBarView;
			sourceTree = "<group>";
		};
		DAD061BC29DF126000EF9C3F /* MyWallet */ = {
			isa = PBXGroup;
			children = (
				DAD061BD29DF12BD00EF9C3F /* MyWalletVC.swift */,
			);
			path = MyWallet;
			sourceTree = "<group>";
		};
		DADD379929E3D4F100798734 /* API */ = {
			isa = PBXGroup;
			children = (
				DADD379A29E3D51A00798734 /* Endpoint.swift */,
				DADD379C29E3D54300798734 /* ArrayEncoding.swift */,
				DADD379E29E3D55F00798734 /* PostParameters.swift */,
			);
			path = API;
			sourceTree = "<group>";
		};
		DADD37A029E3D5AB00798734 /* EndPoints */ = {
			isa = PBXGroup;
			children = (
				DADD37A129E3D5C900798734 /* CurrencyExchangeEndPoint.swift */,
			);
			path = EndPoints;
			sourceTree = "<group>";
		};
		DADD37A329E3D69800798734 /* Model */ = {
			isa = PBXGroup;
			children = (
				DADD37A429E3D6A400798734 /* CurrencyExchangeModel.swift */,
			);
			path = Model;
			sourceTree = "<group>";
		};
/* End PBXGroup section */

/* Begin PBXNativeTarget section */
		DAD0617729DEF75600EF9C3F /* CurrencyExchanger */ = {
			isa = PBXNativeTarget;
			buildConfigurationList = DAD061A229DEF75700EF9C3F /* Build configuration list for PBXNativeTarget "CurrencyExchanger" */;
			buildPhases = (
				76FB0EAB43E211037C851CC6 /* [CP] Check Pods Manifest.lock */,
				DAD0617429DEF75600EF9C3F /* Sources */,
				DAD0617529DEF75600EF9C3F /* Frameworks */,
				DAD0617629DEF75600EF9C3F /* Resources */,
				965EB17A1C0AA9EC116ABD81 /* [CP] Embed Pods Frameworks */,
			);
			buildRules = (
			);
			dependencies = (
			);
			name = CurrencyExchanger;
			productName = CurrencyExchanger;
			productReference = DAD0617829DEF75600EF9C3F /* CurrencyExchanger.app */;
			productType = "com.apple.product-type.application";
		};
		DAD0618D29DEF75700EF9C3F /* CurrencyExchangerTests */ = {
			isa = PBXNativeTarget;
			buildConfigurationList = DAD061A529DEF75700EF9C3F /* Build configuration list for PBXNativeTarget "CurrencyExchangerTests" */;
			buildPhases = (
				A0371B595BE60B7EECA9E412 /* [CP] Check Pods Manifest.lock */,
				DAD0618A29DEF75700EF9C3F /* Sources */,
				DAD0618B29DEF75700EF9C3F /* Frameworks */,
				DAD0618C29DEF75700EF9C3F /* Resources */,
			);
			buildRules = (
			);
			dependencies = (
				DAD0619029DEF75700EF9C3F /* PBXTargetDependency */,
			);
			name = CurrencyExchangerTests;
			productName = CurrencyExchangerTests;
			productReference = DAD0618E29DEF75700EF9C3F /* CurrencyExchangerTests.xctest */;
			productType = "com.apple.product-type.bundle.unit-test";
		};
		DAD0619729DEF75700EF9C3F /* CurrencyExchangerUITests */ = {
			isa = PBXNativeTarget;
			buildConfigurationList = DAD061A829DEF75700EF9C3F /* Build configuration list for PBXNativeTarget "CurrencyExchangerUITests" */;
			buildPhases = (
				BA183A0013E532B44223553B /* [CP] Check Pods Manifest.lock */,
				DAD0619429DEF75700EF9C3F /* Sources */,
				DAD0619529DEF75700EF9C3F /* Frameworks */,
				DAD0619629DEF75700EF9C3F /* Resources */,
				672BD7BEA297FF2F08B57DAA /* [CP] Embed Pods Frameworks */,
			);
			buildRules = (
			);
			dependencies = (
				DAD0619A29DEF75700EF9C3F /* PBXTargetDependency */,
			);
			name = CurrencyExchangerUITests;
			productName = CurrencyExchangerUITests;
			productReference = DAD0619829DEF75700EF9C3F /* CurrencyExchangerUITests.xctest */;
			productType = "com.apple.product-type.bundle.ui-testing";
		};
/* End PBXNativeTarget section */

/* Begin PBXProject section */
		DAD0617029DEF75600EF9C3F /* Project object */ = {
			isa = PBXProject;
			attributes = {
				BuildIndependentTargetsInParallel = 1;
				LastSwiftUpdateCheck = 1420;
				LastUpgradeCheck = 1420;
				TargetAttributes = {
					DAD0617729DEF75600EF9C3F = {
						CreatedOnToolsVersion = 14.2;
					};
					DAD0618D29DEF75700EF9C3F = {
						CreatedOnToolsVersion = 14.2;
						TestTargetID = DAD0617729DEF75600EF9C3F;
					};
					DAD0619729DEF75700EF9C3F = {
						CreatedOnToolsVersion = 14.2;
						TestTargetID = DAD0617729DEF75600EF9C3F;
					};
				};
			};
			buildConfigurationList = DAD0617329DEF75600EF9C3F /* Build configuration list for PBXProject "CurrencyExchanger" */;
			compatibilityVersion = "Xcode 14.0";
			developmentRegion = en;
			hasScannedForEncodings = 0;
			knownRegions = (
				en,
				Base,
			);
			mainGroup = DAD0616F29DEF75600EF9C3F;
			productRefGroup = DAD0617929DEF75600EF9C3F /* Products */;
			projectDirPath = "";
			projectRoot = "";
			targets = (
				DAD0617729DEF75600EF9C3F /* CurrencyExchanger */,
				DAD0618D29DEF75700EF9C3F /* CurrencyExchangerTests */,
				DAD0619729DEF75700EF9C3F /* CurrencyExchangerUITests */,
			);
		};
/* End PBXProject section */

/* Begin PBXResourcesBuildPhase section */
		DAD0617629DEF75600EF9C3F /* Resources */ = {
			isa = PBXResourcesBuildPhase;
			buildActionMask = 2147483647;
			files = (
				DAD0618829DEF75700EF9C3F /* LaunchScreen.storyboard in Resources */,
				DAD0618529DEF75700EF9C3F /* Assets.xcassets in Resources */,
				DAD0618329DEF75600EF9C3F /* Main.storyboard in Resources */,
			);
			runOnlyForDeploymentPostprocessing = 0;
		};
		DAD0618C29DEF75700EF9C3F /* Resources */ = {
			isa = PBXResourcesBuildPhase;
			buildActionMask = 2147483647;
			files = (
			);
			runOnlyForDeploymentPostprocessing = 0;
		};
		DAD0619629DEF75700EF9C3F /* Resources */ = {
			isa = PBXResourcesBuildPhase;
			buildActionMask = 2147483647;
			files = (
			);
			runOnlyForDeploymentPostprocessing = 0;
		};
/* End PBXResourcesBuildPhase section */

/* Begin PBXShellScriptBuildPhase section */
		672BD7BEA297FF2F08B57DAA /* [CP] Embed Pods Frameworks */ = {
			isa = PBXShellScriptBuildPhase;
			buildActionMask = 2147483647;
			files = (
			);
			inputFileListPaths = (
				"${PODS_ROOT}/Target Support Files/Pods-CurrencyExchanger-CurrencyExchangerUITests/Pods-CurrencyExchanger-CurrencyExchangerUITests-frameworks-${CONFIGURATION}-input-files.xcfilelist",
			);
			name = "[CP] Embed Pods Frameworks";
			outputFileListPaths = (
				"${PODS_ROOT}/Target Support Files/Pods-CurrencyExchanger-CurrencyExchangerUITests/Pods-CurrencyExchanger-CurrencyExchangerUITests-frameworks-${CONFIGURATION}-output-files.xcfilelist",
			);
			runOnlyForDeploymentPostprocessing = 0;
			shellPath = /bin/sh;
			shellScript = "\"${PODS_ROOT}/Target Support Files/Pods-CurrencyExchanger-CurrencyExchangerUITests/Pods-CurrencyExchanger-CurrencyExchangerUITests-frameworks.sh\"\n";
			showEnvVarsInLog = 0;
		};
		76FB0EAB43E211037C851CC6 /* [CP] Check Pods Manifest.lock */ = {
			isa = PBXShellScriptBuildPhase;
			buildActionMask = 2147483647;
			files = (
			);
			inputFileListPaths = (
			);
			inputPaths = (
				"${PODS_PODFILE_DIR_PATH}/Podfile.lock",
				"${PODS_ROOT}/Manifest.lock",
			);
			name = "[CP] Check Pods Manifest.lock";
			outputFileListPaths = (
			);
			outputPaths = (
				"$(DERIVED_FILE_DIR)/Pods-CurrencyExchanger-checkManifestLockResult.txt",
			);
			runOnlyForDeploymentPostprocessing = 0;
			shellPath = /bin/sh;
			shellScript = "diff \"${PODS_PODFILE_DIR_PATH}/Podfile.lock\" \"${PODS_ROOT}/Manifest.lock\" > /dev/null\nif [ $? != 0 ] ; then\n    # print error to STDERR\n    echo \"error: The sandbox is not in sync with the Podfile.lock. Run 'pod install' or update your CocoaPods installation.\" >&2\n    exit 1\nfi\n# This output is used by Xcode 'outputs' to avoid re-running this script phase.\necho \"SUCCESS\" > \"${SCRIPT_OUTPUT_FILE_0}\"\n";
			showEnvVarsInLog = 0;
		};
		965EB17A1C0AA9EC116ABD81 /* [CP] Embed Pods Frameworks */ = {
			isa = PBXShellScriptBuildPhase;
			buildActionMask = 2147483647;
			files = (
			);
			inputFileListPaths = (
				"${PODS_ROOT}/Target Support Files/Pods-CurrencyExchanger/Pods-CurrencyExchanger-frameworks-${CONFIGURATION}-input-files.xcfilelist",
			);
			name = "[CP] Embed Pods Frameworks";
			outputFileListPaths = (
				"${PODS_ROOT}/Target Support Files/Pods-CurrencyExchanger/Pods-CurrencyExchanger-frameworks-${CONFIGURATION}-output-files.xcfilelist",
			);
			runOnlyForDeploymentPostprocessing = 0;
			shellPath = /bin/sh;
			shellScript = "\"${PODS_ROOT}/Target Support Files/Pods-CurrencyExchanger/Pods-CurrencyExchanger-frameworks.sh\"\n";
			showEnvVarsInLog = 0;
		};
		A0371B595BE60B7EECA9E412 /* [CP] Check Pods Manifest.lock */ = {
			isa = PBXShellScriptBuildPhase;
			buildActionMask = 2147483647;
			files = (
			);
			inputFileListPaths = (
			);
			inputPaths = (
				"${PODS_PODFILE_DIR_PATH}/Podfile.lock",
				"${PODS_ROOT}/Manifest.lock",
			);
			name = "[CP] Check Pods Manifest.lock";
			outputFileListPaths = (
			);
			outputPaths = (
				"$(DERIVED_FILE_DIR)/Pods-CurrencyExchangerTests-checkManifestLockResult.txt",
			);
			runOnlyForDeploymentPostprocessing = 0;
			shellPath = /bin/sh;
			shellScript = "diff \"${PODS_PODFILE_DIR_PATH}/Podfile.lock\" \"${PODS_ROOT}/Manifest.lock\" > /dev/null\nif [ $? != 0 ] ; then\n    # print error to STDERR\n    echo \"error: The sandbox is not in sync with the Podfile.lock. Run 'pod install' or update your CocoaPods installation.\" >&2\n    exit 1\nfi\n# This output is used by Xcode 'outputs' to avoid re-running this script phase.\necho \"SUCCESS\" > \"${SCRIPT_OUTPUT_FILE_0}\"\n";
			showEnvVarsInLog = 0;
		};
		BA183A0013E532B44223553B /* [CP] Check Pods Manifest.lock */ = {
			isa = PBXShellScriptBuildPhase;
			buildActionMask = 2147483647;
			files = (
			);
			inputFileListPaths = (
			);
			inputPaths = (
				"${PODS_PODFILE_DIR_PATH}/Podfile.lock",
				"${PODS_ROOT}/Manifest.lock",
			);
			name = "[CP] Check Pods Manifest.lock";
			outputFileListPaths = (
			);
			outputPaths = (
				"$(DERIVED_FILE_DIR)/Pods-CurrencyExchanger-CurrencyExchangerUITests-checkManifestLockResult.txt",
			);
			runOnlyForDeploymentPostprocessing = 0;
			shellPath = /bin/sh;
			shellScript = "diff \"${PODS_PODFILE_DIR_PATH}/Podfile.lock\" \"${PODS_ROOT}/Manifest.lock\" > /dev/null\nif [ $? != 0 ] ; then\n    # print error to STDERR\n    echo \"error: The sandbox is not in sync with the Podfile.lock. Run 'pod install' or update your CocoaPods installation.\" >&2\n    exit 1\nfi\n# This output is used by Xcode 'outputs' to avoid re-running this script phase.\necho \"SUCCESS\" > \"${SCRIPT_OUTPUT_FILE_0}\"\n";
			showEnvVarsInLog = 0;
		};
/* End PBXShellScriptBuildPhase section */

/* Begin PBXSourcesBuildPhase section */
		DAD0617429DEF75600EF9C3F /* Sources */ = {
			isa = PBXSourcesBuildPhase;
			buildActionMask = 2147483647;
			files = (
				DA83BEAF29E2DBB200CEB321 /* CustomTextField.swift in Sources */,
				DA83BEAC29E2B99800CEB321 /* CardView.swift in Sources */,
				DA83BEB429E3064C00CEB321 /* RDKeyboardEventHandlerProtocol.swift in Sources */,
				DADD37A529E3D6A400798734 /* CurrencyExchangeModel.swift in Sources */,
				DAD061B229DEF81F00EF9C3F /* CurrencyExchangeViewModel.swift in Sources */,
				DADD37A229E3D5C900798734 /* CurrencyExchangeEndPoint.swift in Sources */,
				DADD379D29E3D54300798734 /* ArrayEncoding.swift in Sources */,
				DAD0618029DEF75600EF9C3F /* CurrencyExchangeVC.swift in Sources */,
				DAD0617C29DEF75600EF9C3F /* AppDelegate.swift in Sources */,
				DAD0617E29DEF75600EF9C3F /* SceneDelegate.swift in Sources */,
				DAD061BA29DEFEEE00EF9C3F /* TopBarView.swift in Sources */,
				DAD061BE29DF12BD00EF9C3F /* MyWalletVC.swift in Sources */,
				DA1AA3BC29E57F9200FB99F9 /* MyWalletCell.swift in Sources */,
				DADD379B29E3D51A00798734 /* Endpoint.swift in Sources */,
				DAD061B729DEF8E400EF9C3F /* Extensions.swift in Sources */,
				DADD379F29E3D55F00798734 /* PostParameters.swift in Sources */,
			);
			runOnlyForDeploymentPostprocessing = 0;
		};
		DAD0618A29DEF75700EF9C3F /* Sources */ = {
			isa = PBXSourcesBuildPhase;
			buildActionMask = 2147483647;
			files = (
				DAD0619329DEF75700EF9C3F /* CurrencyExchangerTests.swift in Sources */,
			);
			runOnlyForDeploymentPostprocessing = 0;
		};
		DAD0619429DEF75700EF9C3F /* Sources */ = {
			isa = PBXSourcesBuildPhase;
			buildActionMask = 2147483647;
			files = (
				DAD0619D29DEF75700EF9C3F /* CurrencyExchangerUITests.swift in Sources */,
				DAD0619F29DEF75700EF9C3F /* CurrencyExchangerUITestsLaunchTests.swift in Sources */,
			);
			runOnlyForDeploymentPostprocessing = 0;
		};
/* End PBXSourcesBuildPhase section */

/* Begin PBXTargetDependency section */
		DAD0619029DEF75700EF9C3F /* PBXTargetDependency */ = {
			isa = PBXTargetDependency;
			target = DAD0617729DEF75600EF9C3F /* CurrencyExchanger */;
			targetProxy = DAD0618F29DEF75700EF9C3F /* PBXContainerItemProxy */;
		};
		DAD0619A29DEF75700EF9C3F /* PBXTargetDependency */ = {
			isa = PBXTargetDependency;
			target = DAD0617729DEF75600EF9C3F /* CurrencyExchanger */;
			targetProxy = DAD0619929DEF75700EF9C3F /* PBXContainerItemProxy */;
		};
/* End PBXTargetDependency section */

/* Begin PBXVariantGroup section */
		DAD0618129DEF75600EF9C3F /* Main.storyboard */ = {
			isa = PBXVariantGroup;
			children = (
				DAD0618229DEF75600EF9C3F /* Base */,
			);
			name = Main.storyboard;
			sourceTree = "<group>";
		};
		DAD0618629DEF75700EF9C3F /* LaunchScreen.storyboard */ = {
			isa = PBXVariantGroup;
			children = (
				DAD0618729DEF75700EF9C3F /* Base */,
			);
			name = LaunchScreen.storyboard;
			sourceTree = "<group>";
		};
/* End PBXVariantGroup section */

/* Begin XCBuildConfiguration section */
		DAD061A029DEF75700EF9C3F /* Debug */ = {
			isa = XCBuildConfiguration;
			buildSettings = {
				ALWAYS_SEARCH_USER_PATHS = NO;
				CLANG_ANALYZER_NONNULL = YES;
				CLANG_ANALYZER_NUMBER_OBJECT_CONVERSION = YES_AGGRESSIVE;
				CLANG_CXX_LANGUAGE_STANDARD = "gnu++20";
				CLANG_ENABLE_MODULES = YES;
				CLANG_ENABLE_OBJC_ARC = YES;
				CLANG_ENABLE_OBJC_WEAK = YES;
				CLANG_WARN_BLOCK_CAPTURE_AUTORELEASING = YES;
				CLANG_WARN_BOOL_CONVERSION = YES;
				CLANG_WARN_COMMA = YES;
				CLANG_WARN_CONSTANT_CONVERSION = YES;
				CLANG_WARN_DEPRECATED_OBJC_IMPLEMENTATIONS = YES;
				CLANG_WARN_DIRECT_OBJC_ISA_USAGE = YES_ERROR;
				CLANG_WARN_DOCUMENTATION_COMMENTS = YES;
				CLANG_WARN_EMPTY_BODY = YES;
				CLANG_WARN_ENUM_CONVERSION = YES;
				CLANG_WARN_INFINITE_RECURSION = YES;
				CLANG_WARN_INT_CONVERSION = YES;
				CLANG_WARN_NON_LITERAL_NULL_CONVERSION = YES;
				CLANG_WARN_OBJC_IMPLICIT_RETAIN_SELF = YES;
				CLANG_WARN_OBJC_LITERAL_CONVERSION = YES;
				CLANG_WARN_OBJC_ROOT_CLASS = YES_ERROR;
				CLANG_WARN_QUOTED_INCLUDE_IN_FRAMEWORK_HEADER = YES;
				CLANG_WARN_RANGE_LOOP_ANALYSIS = YES;
				CLANG_WARN_STRICT_PROTOTYPES = YES;
				CLANG_WARN_SUSPICIOUS_MOVE = YES;
				CLANG_WARN_UNGUARDED_AVAILABILITY = YES_AGGRESSIVE;
				CLANG_WARN_UNREACHABLE_CODE = YES;
				CLANG_WARN__DUPLICATE_METHOD_MATCH = YES;
				COPY_PHASE_STRIP = NO;
				DEBUG_INFORMATION_FORMAT = dwarf;
				ENABLE_STRICT_OBJC_MSGSEND = YES;
				ENABLE_TESTABILITY = YES;
				GCC_C_LANGUAGE_STANDARD = gnu11;
				GCC_DYNAMIC_NO_PIC = NO;
				GCC_NO_COMMON_BLOCKS = YES;
				GCC_OPTIMIZATION_LEVEL = 0;
				GCC_PREPROCESSOR_DEFINITIONS = (
					"DEBUG=1",
					"$(inherited)",
				);
				GCC_WARN_64_TO_32_BIT_CONVERSION = YES;
				GCC_WARN_ABOUT_RETURN_TYPE = YES_ERROR;
				GCC_WARN_UNDECLARED_SELECTOR = YES;
				GCC_WARN_UNINITIALIZED_AUTOS = YES_AGGRESSIVE;
				GCC_WARN_UNUSED_FUNCTION = YES;
				GCC_WARN_UNUSED_VARIABLE = YES;
				IPHONEOS_DEPLOYMENT_TARGET = 14.0;
				MTL_ENABLE_DEBUG_INFO = INCLUDE_SOURCE;
				MTL_FAST_MATH = YES;
				ONLY_ACTIVE_ARCH = YES;
				SDKROOT = iphoneos;
				SWIFT_ACTIVE_COMPILATION_CONDITIONS = DEBUG;
				SWIFT_OPTIMIZATION_LEVEL = "-Onone";
			};
			name = Debug;
		};
		DAD061A129DEF75700EF9C3F /* Release */ = {
			isa = XCBuildConfiguration;
			buildSettings = {
				ALWAYS_SEARCH_USER_PATHS = NO;
				CLANG_ANALYZER_NONNULL = YES;
				CLANG_ANALYZER_NUMBER_OBJECT_CONVERSION = YES_AGGRESSIVE;
				CLANG_CXX_LANGUAGE_STANDARD = "gnu++20";
				CLANG_ENABLE_MODULES = YES;
				CLANG_ENABLE_OBJC_ARC = YES;
				CLANG_ENABLE_OBJC_WEAK = YES;
				CLANG_WARN_BLOCK_CAPTURE_AUTORELEASING = YES;
				CLANG_WARN_BOOL_CONVERSION = YES;
				CLANG_WARN_COMMA = YES;
				CLANG_WARN_CONSTANT_CONVERSION = YES;
				CLANG_WARN_DEPRECATED_OBJC_IMPLEMENTATIONS = YES;
				CLANG_WARN_DIRECT_OBJC_ISA_USAGE = YES_ERROR;
				CLANG_WARN_DOCUMENTATION_COMMENTS = YES;
				CLANG_WARN_EMPTY_BODY = YES;
				CLANG_WARN_ENUM_CONVERSION = YES;
				CLANG_WARN_INFINITE_RECURSION = YES;
				CLANG_WARN_INT_CONVERSION = YES;
				CLANG_WARN_NON_LITERAL_NULL_CONVERSION = YES;
				CLANG_WARN_OBJC_IMPLICIT_RETAIN_SELF = YES;
				CLANG_WARN_OBJC_LITERAL_CONVERSION = YES;
				CLANG_WARN_OBJC_ROOT_CLASS = YES_ERROR;
				CLANG_WARN_QUOTED_INCLUDE_IN_FRAMEWORK_HEADER = YES;
				CLANG_WARN_RANGE_LOOP_ANALYSIS = YES;
				CLANG_WARN_STRICT_PROTOTYPES = YES;
				CLANG_WARN_SUSPICIOUS_MOVE = YES;
				CLANG_WARN_UNGUARDED_AVAILABILITY = YES_AGGRESSIVE;
				CLANG_WARN_UNREACHABLE_CODE = YES;
				CLANG_WARN__DUPLICATE_METHOD_MATCH = YES;
				COPY_PHASE_STRIP = NO;
				DEBUG_INFORMATION_FORMAT = "dwarf-with-dsym";
				ENABLE_NS_ASSERTIONS = NO;
				ENABLE_STRICT_OBJC_MSGSEND = YES;
				GCC_C_LANGUAGE_STANDARD = gnu11;
				GCC_NO_COMMON_BLOCKS = YES;
				GCC_WARN_64_TO_32_BIT_CONVERSION = YES;
				GCC_WARN_ABOUT_RETURN_TYPE = YES_ERROR;
				GCC_WARN_UNDECLARED_SELECTOR = YES;
				GCC_WARN_UNINITIALIZED_AUTOS = YES_AGGRESSIVE;
				GCC_WARN_UNUSED_FUNCTION = YES;
				GCC_WARN_UNUSED_VARIABLE = YES;
				IPHONEOS_DEPLOYMENT_TARGET = 14.0;
				MTL_ENABLE_DEBUG_INFO = NO;
				MTL_FAST_MATH = YES;
				SDKROOT = iphoneos;
				SWIFT_COMPILATION_MODE = wholemodule;
				SWIFT_OPTIMIZATION_LEVEL = "-O";
				VALIDATE_PRODUCT = YES;
			};
			name = Release;
		};
		DAD061A329DEF75700EF9C3F /* Debug */ = {
			isa = XCBuildConfiguration;
			baseConfigurationReference = E3E54506F3D16F1646B6E36B /* Pods-CurrencyExchanger.debug.xcconfig */;
			buildSettings = {
				ASSETCATALOG_COMPILER_APPICON_NAME = AppIcon;
				ASSETCATALOG_COMPILER_GLOBAL_ACCENT_COLOR_NAME = AccentColor;
				CODE_SIGN_STYLE = Automatic;
				CURRENT_PROJECT_VERSION = 1;
				DEVELOPMENT_TEAM = 73J74WD7GL;
				GENERATE_INFOPLIST_FILE = YES;
				INFOPLIST_FILE = CurrencyExchanger/Info.plist;
				INFOPLIST_KEY_UIApplicationSupportsIndirectInputEvents = YES;
				INFOPLIST_KEY_UILaunchStoryboardName = LaunchScreen;
				INFOPLIST_KEY_UIMainStoryboardFile = Main;
				INFOPLIST_KEY_UISupportedInterfaceOrientations_iPad = "UIInterfaceOrientationPortrait UIInterfaceOrientationPortraitUpsideDown UIInterfaceOrientationLandscapeLeft UIInterfaceOrientationLandscapeRight";
				INFOPLIST_KEY_UISupportedInterfaceOrientations_iPhone = "UIInterfaceOrientationPortrait UIInterfaceOrientationLandscapeLeft UIInterfaceOrientationLandscapeRight";
				LD_RUNPATH_SEARCH_PATHS = (
					"$(inherited)",
					"@executable_path/Frameworks",
				);
				MARKETING_VERSION = 1.0;
				PRODUCT_BUNDLE_IDENTIFIER = sdsdsd.CurrencyExchanger;
				PRODUCT_NAME = "$(TARGET_NAME)";
				SWIFT_EMIT_LOC_STRINGS = YES;
				SWIFT_VERSION = 5.0;
				TARGETED_DEVICE_FAMILY = "1,2";
			};
			name = Debug;
		};
		DAD061A429DEF75700EF9C3F /* Release */ = {
			isa = XCBuildConfiguration;
			baseConfigurationReference = 5C4D6FAD265F8907C260693B /* Pods-CurrencyExchanger.release.xcconfig */;
			buildSettings = {
				ASSETCATALOG_COMPILER_APPICON_NAME = AppIcon;
				ASSETCATALOG_COMPILER_GLOBAL_ACCENT_COLOR_NAME = AccentColor;
				CODE_SIGN_STYLE = Automatic;
				CURRENT_PROJECT_VERSION = 1;
				DEVELOPMENT_TEAM = 73J74WD7GL;
				GENERATE_INFOPLIST_FILE = YES;
				INFOPLIST_FILE = CurrencyExchanger/Info.plist;
				INFOPLIST_KEY_UIApplicationSupportsIndirectInputEvents = YES;
				INFOPLIST_KEY_UILaunchStoryboardName = LaunchScreen;
				INFOPLIST_KEY_UIMainStoryboardFile = Main;
				INFOPLIST_KEY_UISupportedInterfaceOrientations_iPad = "UIInterfaceOrientationPortrait UIInterfaceOrientationPortraitUpsideDown UIInterfaceOrientationLandscapeLeft UIInterfaceOrientationLandscapeRight";
				INFOPLIST_KEY_UISupportedInterfaceOrientations_iPhone = "UIInterfaceOrientationPortrait UIInterfaceOrientationLandscapeLeft UIInterfaceOrientationLandscapeRight";
				LD_RUNPATH_SEARCH_PATHS = (
					"$(inherited)",
					"@executable_path/Frameworks",
				);
				MARKETING_VERSION = 1.0;
				PRODUCT_BUNDLE_IDENTIFIER = sdsdsd.CurrencyExchanger;
				PRODUCT_NAME = "$(TARGET_NAME)";
				SWIFT_EMIT_LOC_STRINGS = YES;
				SWIFT_VERSION = 5.0;
				TARGETED_DEVICE_FAMILY = "1,2";
			};
			name = Release;
		};
		DAD061A629DEF75700EF9C3F /* Debug */ = {
			isa = XCBuildConfiguration;
			baseConfigurationReference = BD3DE9C99D0ACFDC8012673B /* Pods-CurrencyExchangerTests.debug.xcconfig */;
			buildSettings = {
				ALWAYS_EMBED_SWIFT_STANDARD_LIBRARIES = YES;
				BUNDLE_LOADER = "$(TEST_HOST)";
				CODE_SIGN_STYLE = Automatic;
				CURRENT_PROJECT_VERSION = 1;
				DEVELOPMENT_TEAM = 73J74WD7GL;
				GENERATE_INFOPLIST_FILE = YES;
				IPHONEOS_DEPLOYMENT_TARGET = 16.2;
				MARKETING_VERSION = 1.0;
				PRODUCT_BUNDLE_IDENTIFIER = sdsdsd.CurrencyExchangerTests;
				PRODUCT_NAME = "$(TARGET_NAME)";
				SWIFT_EMIT_LOC_STRINGS = NO;
				SWIFT_VERSION = 5.0;
				TARGETED_DEVICE_FAMILY = "1,2";
				TEST_HOST = "$(BUILT_PRODUCTS_DIR)/CurrencyExchanger.app/$(BUNDLE_EXECUTABLE_FOLDER_PATH)/CurrencyExchanger";
			};
			name = Debug;
		};
		DAD061A729DEF75700EF9C3F /* Release */ = {
			isa = XCBuildConfiguration;
			baseConfigurationReference = 19F51B3B3D3FD136E00A934A /* Pods-CurrencyExchangerTests.release.xcconfig */;
			buildSettings = {
				ALWAYS_EMBED_SWIFT_STANDARD_LIBRARIES = YES;
				BUNDLE_LOADER = "$(TEST_HOST)";
				CODE_SIGN_STYLE = Automatic;
				CURRENT_PROJECT_VERSION = 1;
				DEVELOPMENT_TEAM = 73J74WD7GL;
				GENERATE_INFOPLIST_FILE = YES;
				IPHONEOS_DEPLOYMENT_TARGET = 16.2;
				MARKETING_VERSION = 1.0;
				PRODUCT_BUNDLE_IDENTIFIER = sdsdsd.CurrencyExchangerTests;
				PRODUCT_NAME = "$(TARGET_NAME)";
				SWIFT_EMIT_LOC_STRINGS = NO;
				SWIFT_VERSION = 5.0;
				TARGETED_DEVICE_FAMILY = "1,2";
				TEST_HOST = "$(BUILT_PRODUCTS_DIR)/CurrencyExchanger.app/$(BUNDLE_EXECUTABLE_FOLDER_PATH)/CurrencyExchanger";
			};
			name = Release;
		};
		DAD061A929DEF75700EF9C3F /* Debug */ = {
			isa = XCBuildConfiguration;
			baseConfigurationReference = 8ACC0FB2520E3EFE49F3E89C /* Pods-CurrencyExchanger-CurrencyExchangerUITests.debug.xcconfig */;
			buildSettings = {
				ALWAYS_EMBED_SWIFT_STANDARD_LIBRARIES = YES;
				CODE_SIGN_STYLE = Automatic;
				CURRENT_PROJECT_VERSION = 1;
				DEVELOPMENT_TEAM = 73J74WD7GL;
				GENERATE_INFOPLIST_FILE = YES;
				MARKETING_VERSION = 1.0;
				PRODUCT_BUNDLE_IDENTIFIER = sdsdsd.CurrencyExchangerUITests;
				PRODUCT_NAME = "$(TARGET_NAME)";
				SWIFT_EMIT_LOC_STRINGS = NO;
				SWIFT_VERSION = 5.0;
				TARGETED_DEVICE_FAMILY = "1,2";
				TEST_TARGET_NAME = CurrencyExchanger;
			};
			name = Debug;
		};
		DAD061AA29DEF75700EF9C3F /* Release */ = {
			isa = XCBuildConfiguration;
			baseConfigurationReference = 44A6D9D69898D5B28F3DDD5A /* Pods-CurrencyExchanger-CurrencyExchangerUITests.release.xcconfig */;
			buildSettings = {
				ALWAYS_EMBED_SWIFT_STANDARD_LIBRARIES = YES;
				CODE_SIGN_STYLE = Automatic;
				CURRENT_PROJECT_VERSION = 1;
				DEVELOPMENT_TEAM = 73J74WD7GL;
				GENERATE_INFOPLIST_FILE = YES;
				MARKETING_VERSION = 1.0;
				PRODUCT_BUNDLE_IDENTIFIER = sdsdsd.CurrencyExchangerUITests;
				PRODUCT_NAME = "$(TARGET_NAME)";
				SWIFT_EMIT_LOC_STRINGS = NO;
				SWIFT_VERSION = 5.0;
				TARGETED_DEVICE_FAMILY = "1,2";
				TEST_TARGET_NAME = CurrencyExchanger;
			};
			name = Release;
		};
/* End XCBuildConfiguration section */

/* Begin XCConfigurationList section */
		DAD0617329DEF75600EF9C3F /* Build configuration list for PBXProject "CurrencyExchanger" */ = {
			isa = XCConfigurationList;
			buildConfigurations = (
				DAD061A029DEF75700EF9C3F /* Debug */,
				DAD061A129DEF75700EF9C3F /* Release */,
			);
			defaultConfigurationIsVisible = 0;
			defaultConfigurationName = Release;
		};
		DAD061A229DEF75700EF9C3F /* Build configuration list for PBXNativeTarget "CurrencyExchanger" */ = {
			isa = XCConfigurationList;
			buildConfigurations = (
				DAD061A329DEF75700EF9C3F /* Debug */,
				DAD061A429DEF75700EF9C3F /* Release */,
			);
			defaultConfigurationIsVisible = 0;
			defaultConfigurationName = Release;
		};
		DAD061A529DEF75700EF9C3F /* Build configuration list for PBXNativeTarget "CurrencyExchangerTests" */ = {
			isa = XCConfigurationList;
			buildConfigurations = (
				DAD061A629DEF75700EF9C3F /* Debug */,
				DAD061A729DEF75700EF9C3F /* Release */,
			);
			defaultConfigurationIsVisible = 0;
			defaultConfigurationName = Release;
		};
		DAD061A829DEF75700EF9C3F /* Build configuration list for PBXNativeTarget "CurrencyExchangerUITests" */ = {
			isa = XCConfigurationList;
			buildConfigurations = (
				DAD061A929DEF75700EF9C3F /* Debug */,
				DAD061AA29DEF75700EF9C3F /* Release */,
			);
			defaultConfigurationIsVisible = 0;
			defaultConfigurationName = Release;
		};
/* End XCConfigurationList section */
	};
	rootObject = DAD0617029DEF75600EF9C3F /* Project object */;
}
